
Microsoft Visual Studio Solution File, Format Version 12.00
# Visual Studio Version 16
VisualStudioVersion = 16.0.29230.47
MinimumVisualStudioVersion = 10.0.40219.1
Project("{FAE04EC0-301F-11D3-BF4B-00C04F79EFBC}") = "DVCS Exercise", "DVCS Exercise\DVCS Exercise.csproj", "{B600BC7A-64E4-405F-8CC5-42C9A7C447CE}"
EndProject
Global
	GlobalSection(SolutionConfigurationPlatforms) = preSolution
		Debug|Any CPU = Debug|Any CPU
		Release|Any CPU = Release|Any CPU
	EndGlobalSection
	GlobalSection(ProjectConfigurationPlatforms) = postSolution
		{B600BC7A-64E4-405F-8CC5-42C9A7C447CE}.Debug|Any CPU.ActiveCfg = Debug|Any CPU
		{B600BC7A-64E4-405F-8CC5-42C9A7C447CE}.Debug|Any CPU.Build.0 = Debug|Any CPU
		{B600BC7A-64E4-405F-8CC5-42C9A7C447CE}.Release|Any CPU.ActiveCfg = Release|Any CPU
		{B600BC7A-64E4-405F-8CC5-42C9A7C447CE}.Release|Any CPU.Build.0 = Release|Any CPU
	EndGlobalSection
	GlobalSection(SolutionProperties) = preSolution
		HideSolutionNode = FALSE
	EndGlobalSection
	GlobalSection(ExtensibilityGlobals) = postSolution
		SolutionGuid = {D7D4B2BA-B61E-4616-A8D7-42D929ED7496}
	EndGlobalSection
EndGlobal
